
Microsoft Visual Studio Solution File, Format Version 12.00
# Visual Studio Version 16
VisualStudioVersion = 16.0.29215.179
MinimumVisualStudioVersion = 10.0.40219.1
Project("{FAE04EC0-301F-11D3-BF4B-00C04F79EFBC}") = "while_loop", "while_loop\while_loop.csproj", "{465BCBD2-0A1D-44B1-971A-72109FB566F6}"
EndProject
Global
	GlobalSection(SolutionConfigurationPlatforms) = preSolution
		Debug|Any CPU = Debug|Any CPU
		Release|Any CPU = Release|Any CPU
	EndGlobalSection
	GlobalSection(ProjectConfigurationPlatforms) = postSolution
		{465BCBD2-0A1D-44B1-971A-72109FB566F6}.Debug|Any CPU.ActiveCfg = Debug|Any CPU
		{465BCBD2-0A1D-44B1-971A-72109FB566F6}.Debug|Any CPU.Build.0 = Debug|Any CPU
		{465BCBD2-0A1D-44B1-971A-72109FB566F6}.Release|Any CPU.ActiveCfg = Release|Any CPU
		{465BCBD2-0A1D-44B1-971A-72109FB566F6}.Release|Any CPU.Build.0 = Release|Any CPU
	EndGlobalSection
	GlobalSection(SolutionProperties) = preSolution
		HideSolutionNode = FALSE
	EndGlobalSection
	GlobalSection(ExtensibilityGlobals) = postSolution
		SolutionGuid = {BA775E2E-8386-4EE2-9948-BF00772E92A8}
	EndGlobalSection
EndGlobal
